
Microsoft Visual Studio Solution File, Format Version 12.00
# Visual Studio Version 17
VisualStudioVersion = 17.0.32112.339
MinimumVisualStudioVersion = 10.0.40219.1
Project("{FAE04EC0-301F-11D3-BF4B-00C04F79EFBC}") = "Aula 06", "Aula 06\Aula 06.csproj", "{F07902F6-B140-4CCE-AABF-7FDCAAC75014}"
EndProject
Global
	GlobalSection(SolutionConfigurationPlatforms) = preSolution
		Debug|Any CPU = Debug|Any CPU
		Release|Any CPU = Release|Any CPU
	EndGlobalSection
	GlobalSection(ProjectConfigurationPlatforms) = postSolution
		{F07902F6-B140-4CCE-AABF-7FDCAAC75014}.Debug|Any CPU.ActiveCfg = Debug|Any CPU
		{F07902F6-B140-4CCE-AABF-7FDCAAC75014}.Debug|Any CPU.Build.0 = Debug|Any CPU
		{F07902F6-B140-4CCE-AABF-7FDCAAC75014}.Release|Any CPU.ActiveCfg = Release|Any CPU
		{F07902F6-B140-4CCE-AABF-7FDCAAC75014}.Release|Any CPU.Build.0 = Release|Any CPU
	EndGlobalSection
	GlobalSection(SolutionProperties) = preSolution
		HideSolutionNode = FALSE
	EndGlobalSection
	GlobalSection(ExtensibilityGlobals) = postSolution
		SolutionGuid = {8C4463F4-7787-4FA3-B1F3-A6377ECD2299}
	EndGlobalSection
EndGlobal
