
Microsoft Visual Studio Solution File, Format Version 12.00
# Visual Studio Version 17
VisualStudioVersion = 17.5.33516.290
MinimumVisualStudioVersion = 10.0.40219.1
Project("{FAE04EC0-301F-11D3-BF4B-00C04F79EFBC}") = "Jogo da Velha - Giovanne Feitosa", "Jogo da Velha - Giovanne Feitosa\Jogo da Velha - Giovanne Feitosa.csproj", "{374C5EAF-1684-4A0D-A402-A204B63BBFBE}"
EndProject
Global
	GlobalSection(SolutionConfigurationPlatforms) = preSolution
		Debug|Any CPU = Debug|Any CPU
		Release|Any CPU = Release|Any CPU
	EndGlobalSection
	GlobalSection(ProjectConfigurationPlatforms) = postSolution
		{374C5EAF-1684-4A0D-A402-A204B63BBFBE}.Debug|Any CPU.ActiveCfg = Debug|Any CPU
		{374C5EAF-1684-4A0D-A402-A204B63BBFBE}.Debug|Any CPU.Build.0 = Debug|Any CPU
		{374C5EAF-1684-4A0D-A402-A204B63BBFBE}.Release|Any CPU.ActiveCfg = Release|Any CPU
		{374C5EAF-1684-4A0D-A402-A204B63BBFBE}.Release|Any CPU.Build.0 = Release|Any CPU
	EndGlobalSection
	GlobalSection(SolutionProperties) = preSolution
		HideSolutionNode = FALSE
	EndGlobalSection
	GlobalSection(ExtensibilityGlobals) = postSolution
		SolutionGuid = {A56D5897-5AB2-4C08-A3ED-6604DAC9689E}
	EndGlobalSection
EndGlobal
