
Microsoft Visual Studio Solution File, Format Version 12.00
# Visual Studio Version 17
VisualStudioVersion = 17.0.32112.339
MinimumVisualStudioVersion = 10.0.40219.1
Project("{FAE04EC0-301F-11D3-BF4B-00C04F79EFBC}") = "223671", "223671\223671.csproj", "{6BA597D0-1080-495D-AC0D-8277BE78ECD3}"
EndProject
Global
	GlobalSection(SolutionConfigurationPlatforms) = preSolution
		Debug|Any CPU = Debug|Any CPU
		Release|Any CPU = Release|Any CPU
	EndGlobalSection
	GlobalSection(ProjectConfigurationPlatforms) = postSolution
		{6BA597D0-1080-495D-AC0D-8277BE78ECD3}.Debug|Any CPU.ActiveCfg = Debug|Any CPU
		{6BA597D0-1080-495D-AC0D-8277BE78ECD3}.Debug|Any CPU.Build.0 = Debug|Any CPU
		{6BA597D0-1080-495D-AC0D-8277BE78ECD3}.Release|Any CPU.ActiveCfg = Release|Any CPU
		{6BA597D0-1080-495D-AC0D-8277BE78ECD3}.Release|Any CPU.Build.0 = Release|Any CPU
	EndGlobalSection
	GlobalSection(SolutionProperties) = preSolution
		HideSolutionNode = FALSE
	EndGlobalSection
	GlobalSection(ExtensibilityGlobals) = postSolution
		SolutionGuid = {37A94D5F-357D-4478-9BE6-6BDE11DB2942}
	EndGlobalSection
EndGlobal
