
Microsoft Visual Studio Solution File, Format Version 12.00
# Visual Studio Version 17
VisualStudioVersion = 17.5.33516.290
MinimumVisualStudioVersion = 10.0.40219.1
Project("{FAE04EC0-301F-11D3-BF4B-00C04F79EFBC}") = "Tp05 Herança", "Tp05 Herança\Tp05 Herança.csproj", "{281B6F16-EFA7-4894-B1F9-E03A4F4FEC90}"
EndProject
Global
	GlobalSection(SolutionConfigurationPlatforms) = preSolution
		Debug|Any CPU = Debug|Any CPU
		Release|Any CPU = Release|Any CPU
	EndGlobalSection
	GlobalSection(ProjectConfigurationPlatforms) = postSolution
		{281B6F16-EFA7-4894-B1F9-E03A4F4FEC90}.Debug|Any CPU.ActiveCfg = Debug|Any CPU
		{281B6F16-EFA7-4894-B1F9-E03A4F4FEC90}.Debug|Any CPU.Build.0 = Debug|Any CPU
		{281B6F16-EFA7-4894-B1F9-E03A4F4FEC90}.Release|Any CPU.ActiveCfg = Release|Any CPU
		{281B6F16-EFA7-4894-B1F9-E03A4F4FEC90}.Release|Any CPU.Build.0 = Release|Any CPU
	EndGlobalSection
	GlobalSection(SolutionProperties) = preSolution
		HideSolutionNode = FALSE
	EndGlobalSection
	GlobalSection(ExtensibilityGlobals) = postSolution
		SolutionGuid = {A54EF6AD-0DF1-4C8A-AFC5-83F85DCFFF17}
	EndGlobalSection
EndGlobal
