
Microsoft Visual Studio Solution File, Format Version 12.00
# Visual Studio Version 17
VisualStudioVersion = 17.5.33516.290
MinimumVisualStudioVersion = 10.0.40219.1
Project("{FAE04EC0-301F-11D3-BF4B-00C04F79EFBC}") = "Alura POO", "Alura POO\Alura POO.csproj", "{BBFD1518-7B37-41C0-BEC6-B0CA31FB9A77}"
EndProject
Global
	GlobalSection(SolutionConfigurationPlatforms) = preSolution
		Debug|Any CPU = Debug|Any CPU
		Release|Any CPU = Release|Any CPU
	EndGlobalSection
	GlobalSection(ProjectConfigurationPlatforms) = postSolution
		{BBFD1518-7B37-41C0-BEC6-B0CA31FB9A77}.Debug|Any CPU.ActiveCfg = Debug|Any CPU
		{BBFD1518-7B37-41C0-BEC6-B0CA31FB9A77}.Debug|Any CPU.Build.0 = Debug|Any CPU
		{BBFD1518-7B37-41C0-BEC6-B0CA31FB9A77}.Release|Any CPU.ActiveCfg = Release|Any CPU
		{BBFD1518-7B37-41C0-BEC6-B0CA31FB9A77}.Release|Any CPU.Build.0 = Release|Any CPU
	EndGlobalSection
	GlobalSection(SolutionProperties) = preSolution
		HideSolutionNode = FALSE
	EndGlobalSection
	GlobalSection(ExtensibilityGlobals) = postSolution
		SolutionGuid = {F20B2530-CF60-4C24-A8BF-9850D5F62EA4}
	EndGlobalSection
EndGlobal
